// !$*UTF8*$!
{
	archiveVersion = 1;
	classes = {
	};
	objectVersion = 56;
	objects = {

/* Begin PBXBuildFile section */
		AA1000012C85000100000001 /* LiquidCalcApp.swift in Sources */ = {isa = PBXBuildFile; fileRef = AA1000022C85000100000001 /* LiquidCalcApp.swift */; };
		AA1000032C85000100000001 /* MainCalculatorView.swift in Sources */ = {isa = PBXBuildFile; fileRef = AA1000042C85000100000001 /* MainCalculatorView.swift */; };
		AA1000052C85000100000001 /* LiquidGlassBackground.swift in Sources */ = {isa = PBXBuildFile; fileRef = AA1000062C85000100000001 /* LiquidGlassBackground.swift */; };
		AA1000072C85000100000001 /* ModeSwitcherView.swift in Sources */ = {isa = PBXBuildFile; fileRef = AA1000082C85000100000001 /* ModeSwitcherView.swift */; };
		AA1000092C85000100000001 /* LiquidDisplayView.swift in Sources */ = {isa = PBXBuildFile; fileRef = AA10000A2C85000100000001 /* LiquidDisplayView.swift */; };
		AA10000B2C85000100000001 /* KeypadButtonView.swift in Sources */ = {isa = PBXBuildFile; fileRef = AA10000C2C85000100000001 /* KeypadButtonView.swift */; };
		AA10000D2C85000100000001 /* StandardKeypadView.swift in Sources */ = {isa = PBXBuildFile; fileRef = AA10000E2C85000100000001 /* StandardKeypadView.swift */; };
		AA10000F2C85000100000001 /* ScientificKeypadView.swift in Sources */ = {isa = PBXBuildFile; fileRef = AA1000102C85000100000001 /* ScientificKeypadView.swift */; };
		AA1000112C85000100000001 /* ProgrammerKeypadView.swift in Sources */ = {isa = PBXBuildFile; fileRef = AA1000122C85000100000001 /* ProgrammerKeypadView.swift */; };
		AA1000132C85000100000001 /* BitVisualizerView.swift in Sources */ = {isa = PBXBuildFile; fileRef = AA1000142C85000100000001 /* BitVisualizerView.swift */; };
		AA1000152C85000100000001 /* UnitConverterView.swift in Sources */ = {isa = PBXBuildFile; fileRef = AA1000162C85000100000001 /* UnitConverterView.swift */; };
		AA1000172C85000100000001 /* HistorySheetView.swift in Sources */ = {isa = PBXBuildFile; fileRef = AA1000182C85000100000001 /* HistorySheetView.swift */; };
		AA1000192C85000100000001 /* CalculatorViewModel.swift in Sources */ = {isa = PBXBuildFile; fileRef = AA10001A2C85000100000001 /* CalculatorViewModel.swift */; };
		AA10001B2C85000100000001 /* ProgrammerViewModel.swift in Sources */ = {isa = PBXBuildFile; fileRef = AA10001C2C85000100000001 /* ProgrammerViewModel.swift */; };
		AA10001D2C85000100000001 /* ConverterViewModel.swift in Sources */ = {isa = PBXBuildFile; fileRef = AA10001E2C85000100000001 /* ConverterViewModel.swift */; };
		AA10001F2C85000100000001 /* CalculatorMode.swift in Sources */ = {isa = PBXBuildFile; fileRef = AA1000202C85000100000001 /* CalculatorMode.swift */; };
		AA1000212C85000100000001 /* KeypadButton.swift in Sources */ = {isa = PBXBuildFile; fileRef = AA1000222C85000100000001 /* KeypadButton.swift */; };
		AA1000232C85000100000001 /* MathToken.swift in Sources */ = {isa = PBXBuildFile; fileRef = AA1000242C85000100000001 /* MathToken.swift */; };
		AA1000252C85000100000001 /* MathLexer.swift in Sources */ = {isa = PBXBuildFile; fileRef = AA1000262C85000100000001 /* MathLexer.swift */; };
		AA1000272C85000100000001 /* MathParser.swift in Sources */ = {isa = PBXBuildFile; fileRef = AA1000282C85000100000001 /* MathParser.swift */; };
		AA1000292C85000100000001 /* MathEvaluator.swift in Sources */ = {isa = PBXBuildFile; fileRef = AA10002A2C85000100000001 /* MathEvaluator.swift */; };
		AA10002B2C85000100000001 /* MathError.swift in Sources */ = {isa = PBXBuildFile; fileRef = AA10002C2C85000100000001 /* MathError.swift */; };
		AA10002D2C85000100000001 /* WordSize.swift in Sources */ = {isa = PBXBuildFile; fileRef = AA10002E2C85000100000001 /* WordSize.swift */; };
		AA10002F2C85000100000001 /* BitwiseOperator.swift in Sources */ = {isa = PBXBuildFile; fileRef = AA1000302C85000100000001 /* BitwiseOperator.swift */; };
		AA1000312C85000100000001 /* ProgrammerEngine.swift in Sources */ = {isa = PBXBuildFile; fileRef = AA1000322C85000100000001 /* ProgrammerEngine.swift */; };
		AA1000332C85000100000001 /* UnitCategory.swift in Sources */ = {isa = PBXBuildFile; fileRef = AA1000342C85000100000001 /* UnitCategory.swift */; };
		AA1000352C85000100000001 /* UnitConverterEngine.swift in Sources */ = {isa = PBXBuildFile; fileRef = AA1000362C85000100000001 /* UnitConverterEngine.swift */; };
		AA1000372C85000100000001 /* HistoryItem.swift in Sources */ = {isa = PBXBuildFile; fileRef = AA1000382C85000100000001 /* HistoryItem.swift */; };
		AA1000392C85000100000001 /* HistoryManager.swift in Sources */ = {isa = PBXBuildFile; fileRef = AA10003A2C85000100000001 /* HistoryManager.swift */; };
		AA10003B2C85000100000001 /* Assets.xcassets in Resources */ = {isa = PBXBuildFile; fileRef = AA10003C2C85000100000001 /* Assets.xcassets */; };
		AA10003F2C85000100000001 /* SoundAndHapticManager.swift in Sources */ = {isa = PBXBuildFile; fileRef = AA1000402C85000100000001 /* SoundAndHapticManager.swift */; };
		AA1000412C85000100000001 /* VisionMathScanner.swift in Sources */ = {isa = PBXBuildFile; fileRef = AA1000422C85000100000001 /* VisionMathScanner.swift */; };
		AA1000432C85000100000001 /* CameraCaptureService.swift in Sources */ = {isa = PBXBuildFile; fileRef = AA1000442C85000100000001 /* CameraCaptureService.swift */; };
		AA1000452C85000100000001 /* VisionViewModel.swift in Sources */ = {isa = PBXBuildFile; fileRef = AA1000462C85000100000001 /* VisionViewModel.swift */; };
		AA1000472C85000100000001 /* CameraPreviewView.swift in Sources */ = {isa = PBXBuildFile; fileRef = AA1000482C85000100000001 /* CameraPreviewView.swift */; };
		AA1000492C85000100000001 /* SmartVisionView.swift in Sources */ = {isa = PBXBuildFile; fileRef = AA10004A2C85000100000001 /* SmartVisionView.swift */; };
		AA10004B2C85000100000001 /* ReceiptSplitterView.swift in Sources */ = {isa = PBXBuildFile; fileRef = AA10004C2C85000100000001 /* ReceiptSplitterView.swift */; };
		AA10004D2C85000100000001 /* SettingsSheetView.swift in Sources */ = {isa = PBXBuildFile; fileRef = AA10004E2C85000100000001 /* SettingsSheetView.swift */; };
		AA2000012C85000100000001 /* MathEngineTests.swift in Sources */ = {isa = PBXBuildFile; fileRef = AA2000022C85000100000001 /* MathEngineTests.swift */; };
		AA2000032C85000100000001 /* ProgrammerEngineTests.swift in Sources */ = {isa = PBXBuildFile; fileRef = AA2000042C85000100000001 /* ProgrammerEngineTests.swift */; };
		AA2000052C85000100000001 /* UnitConverterTests.swift in Sources */ = {isa = PBXBuildFile; fileRef = AA2000062C85000100000001 /* UnitConverterTests.swift */; };
		AA2000072C85000100000001 /* VisionMathScannerTests.swift in Sources */ = {isa = PBXBuildFile; fileRef = AA2000082C85000100000001 /* VisionMathScannerTests.swift */; };
		AA1000512C85000100000001 /* LaserSweepLineView.swift in Sources */ = {isa = PBXBuildFile; fileRef = AA1000522C85000100000001 /* LaserSweepLineView.swift */; };
		AA1000532C85000100000001 /* ReticleOverlayView.swift in Sources */ = {isa = PBXBuildFile; fileRef = AA1000542C85000100000001 /* ReticleOverlayView.swift */; };
		AA1000552C85000100000001 /* SolvedResultCardView.swift in Sources */ = {isa = PBXBuildFile; fileRef = AA1000562C85000100000001 /* SolvedResultCardView.swift */; };
		AA2000092C85000100000001 /* SoundAndHapticManagerTests.swift in Sources */ = {isa = PBXBuildFile; fileRef = AA20000A2C85000100000001 /* SoundAndHapticManagerTests.swift */; };
		AA20000B2C85000100000001 /* LiquidCalcE2ETests.swift in Sources */ = {isa = PBXBuildFile; fileRef = AA20000C2C85000100000001 /* LiquidCalcE2ETests.swift */; };
		AA1000612C85000100000001 /* AppUpdateManager.swift in Sources */ = {isa = PBXBuildFile; fileRef = AA1000622C85000100000001 /* AppUpdateManager.swift */; };
		AA1000632C85000100000001 /* GitHubRelease.swift in Sources */ = {isa = PBXBuildFile; fileRef = AA1000642C85000100000001 /* GitHubRelease.swift */; };
		AA1000652C85000100000001 /* SupportedCurrency.swift in Sources */ = {isa = PBXBuildFile; fileRef = AA1000662C85000100000001 /* SupportedCurrency.swift */; };
		AA1000672C85000100000001 /* UpdateAvailableView.swift in Sources */ = {isa = PBXBuildFile; fileRef = AA1000682C85000100000001 /* UpdateAvailableView.swift */; };
		AA1000692C85000100000001 /* SonarWaveRingsView.swift in Sources */ = {isa = PBXBuildFile; fileRef = AA10006A2C85000100000001 /* SonarWaveRingsView.swift */; };
		AA20000D2C85000100000001 /* AppUpdateManagerTests.swift in Sources */ = {isa = PBXBuildFile; fileRef = AA20000E2C85000100000001 /* AppUpdateManagerTests.swift */; };
		AA10006B2C85000100000001 /* SemanticVersion.swift in Sources */ = {isa = PBXBuildFile; fileRef = AA10006C2C85000100000001 /* SemanticVersion.swift */; };
		AA1000712C85000100000001 /* AlgebraicSolver.swift in Sources */ = {isa = PBXBuildFile; fileRef = AA1000722C85000100000001 /* AlgebraicSolver.swift */; };
		AA1000732C85000100000001 /* CalculusEngine.swift in Sources */ = {isa = PBXBuildFile; fileRef = AA1000742C85000100000001 /* CalculusEngine.swift */; };
		AA1000752C85000100000001 /* MatrixEngine.swift in Sources */ = {isa = PBXBuildFile; fileRef = AA1000762C85000100000001 /* MatrixEngine.swift */; };
		AA1000772C85000100000001 /* ComplexNumber.swift in Sources */ = {isa = PBXBuildFile; fileRef = AA1000782C85000100000001 /* ComplexNumber.swift */; };
		AA1000792C85000100000001 /* StatisticsEngine.swift in Sources */ = {isa = PBXBuildFile; fileRef = AA10007A2C85000100000001 /* StatisticsEngine.swift */; };
		AA10007B2C85000100000001 /* NumberTheoryEngine.swift in Sources */ = {isa = PBXBuildFile; fileRef = AA10007C2C85000100000001 /* NumberTheoryEngine.swift */; };
		AA10007D2C85000100000001 /* FunctionGrapherView.swift in Sources */ = {isa = PBXBuildFile; fileRef = AA10007E2C85000100000001 /* FunctionGrapherView.swift */; };
		AA10007F2C85000100000001 /* AdvancedMathView.swift in Sources */ = {isa = PBXBuildFile; fileRef = AA1000802C85000100000001 /* AdvancedMathView.swift */; };
		AA20000F2C85000100000001 /* AdvancedMathTests.swift in Sources */ = {isa = PBXBuildFile; fileRef = AA2000102C85000100000001 /* AdvancedMathTests.swift */; };
		AA1000812C85000100000001 /* DrawingStroke.swift in Sources */ = {isa = PBXBuildFile; fileRef = AA1000822C85000100000001 /* DrawingStroke.swift */; };
		AA1000832C85000100000001 /* HandwritingMathRecognizer.swift in Sources */ = {isa = PBXBuildFile; fileRef = AA1000842C85000100000001 /* HandwritingMathRecognizer.swift */; };
		AA1000852C85000100000001 /* DrawCalcViewModel.swift in Sources */ = {isa = PBXBuildFile; fileRef = AA1000862C85000100000001 /* DrawCalcViewModel.swift */; };
		AA1000872C85000100000001 /* MathDrawCanvasView.swift in Sources */ = {isa = PBXBuildFile; fileRef = AA1000882C85000100000001 /* MathDrawCanvasView.swift */; };
		AA2000112C85000100000001 /* HandwritingMathRecognizerTests.swift in Sources */ = {isa = PBXBuildFile; fileRef = AA2000122C85000100000001 /* HandwritingMathRecognizerTests.swift */; };
		AA1000892C85000100000001 /* HotUpdateManager.swift in Sources */ = {isa = PBXBuildFile; fileRef = AA10008A2C85000100000001 /* HotUpdateManager.swift */; };
		AA1000912C85000100000001 /* GeminiService.swift in Sources */ = {isa = PBXBuildFile; fileRef = AA1000922C85000100000001 /* GeminiService.swift */; };
		AA1000932C85000100000001 /* GeminiAIView.swift in Sources */ = {isa = PBXBuildFile; fileRef = AA1000942C85000100000001 /* GeminiAIView.swift */; };
		AA1000952C85000100000001 /* ChatMessageBubble.swift in Sources */ = {isa = PBXBuildFile; fileRef = AA1000962C85000100000001 /* ChatMessageBubble.swift */; };
		AA1000972C85000100000001 /* MermaidDiagramView.swift in Sources */ = {isa = PBXBuildFile; fileRef = AA1000982C85000100000001 /* MermaidDiagramView.swift */; };
		AA3000012C85000100000001 /* SignerModels.swift in Sources */ = {isa = PBXBuildFile; fileRef = AA3000022C85000100000001 /* SignerModels.swift */; };
		AA3000032C85000100000001 /* CertificateManager.swift in Sources */ = {isa = PBXBuildFile; fileRef = AA3000042C85000100000001 /* CertificateManager.swift */; };
		AA3000052C85000100000001 /* LiquidSignEngine.swift in Sources */ = {isa = PBXBuildFile; fileRef = AA3000062C85000100000001 /* LiquidSignEngine.swift */; };
		AA3000072C85000100000001 /* LocalInstallServer.swift in Sources */ = {isa = PBXBuildFile; fileRef = AA3000082C85000100000001 /* LocalInstallServer.swift */; };
		AA3000092C85000100000001 /* LiquidSignerViewModel.swift in Sources */ = {isa = PBXBuildFile; fileRef = AA30000A2C85000100000001 /* LiquidSignerViewModel.swift */; };
		AA30000B2C85000100000001 /* IPADetailSignSheet.swift in Sources */ = {isa = PBXBuildFile; fileRef = AA30000C2C85000100000001 /* IPADetailSignSheet.swift */; };
		AA30000D2C85000100000001 /* SigningProgressOverlay.swift in Sources */ = {isa = PBXBuildFile; fileRef = AA30000E2C85000100000001 /* SigningProgressOverlay.swift */; };
		AA30000F2C85000100000001 /* LiquidSignerView.swift in Sources */ = {isa = PBXBuildFile; fileRef = AA3000102C85000100000001 /* LiquidSignerView.swift */; };
		AA3000212C85000100000001 /* LiquidSignerTests.swift in Sources */ = {isa = PBXBuildFile; fileRef = AA3000222C85000100000001 /* LiquidSignerTests.swift */; };
		AA3000232C85000100000001 /* VaultUnlockAnimationView.swift in Sources */ = {isa = PBXBuildFile; fileRef = AA3000242C85000100000001 /* VaultUnlockAnimationView.swift */; };
		AA3000252C85000100000001 /* UpdateNotificationBannerView.swift in Sources */ = {isa = PBXBuildFile; fileRef = AA3000262C85000100000001 /* UpdateNotificationBannerView.swift */; };
		AA3000272C85000100000001 /* SignerStudioView.swift in Sources */ = {isa = PBXBuildFile; fileRef = AA3000282C85000100000001 /* SignerStudioView.swift */; };
		AA3000312C85000100000001 /* TweakCatalogManager.swift in Sources */ = {isa = PBXBuildFile; fileRef = AA3000322C85000100000001 /* TweakCatalogManager.swift */; };
		AA3000332C85000100000001 /* MachOInspectorView.swift in Sources */ = {isa = PBXBuildFile; fileRef = AA3000342C85000100000001 /* MachOInspectorView.swift */; };
		AA3000352C85000100000001 /* TweakCatalogSheetView.swift in Sources */ = {isa = PBXBuildFile; fileRef = AA3000362C85000100000001 /* TweakCatalogSheetView.swift */; };
		AA3000372C85000100000001 /* CertificateStoreView.swift in Sources */ = {isa = PBXBuildFile; fileRef = AA3000382C85000100000001 /* CertificateStoreView.swift */; };
		AA3000412C85000100000001 /* LiquidMarkdownView.swift in Sources */ = {isa = PBXBuildFile; fileRef = AA3000422C85000100000001 /* LiquidMarkdownView.swift */; };
		AA3000432C85000100000001 /* MarkdownNotebookView.swift in Sources */ = {isa = PBXBuildFile; fileRef = AA3000442C85000100000001 /* MarkdownNotebookView.swift */; };
		AA3000452C85000100000001 /* LiquidAIAgent.swift in Sources */ = {isa = PBXBuildFile; fileRef = AA3000462C85000100000001 /* LiquidAIAgent.swift */; };
		AA3000472C85000100000001 /* LiquidAIAgentView.swift in Sources */ = {isa = PBXBuildFile; fileRef = AA3000482C85000100000001 /* LiquidAIAgentView.swift */; };
		AA3000492C85000100000001 /* MarkdownAndAgentTests.swift in Sources */ = {isa = PBXBuildFile; fileRef = AA30004A2C85000100000001 /* MarkdownAndAgentTests.swift */; };
		AA3000512C85000100000001 /* CalcIconView.swift in Sources */ = {isa = PBXBuildFile; fileRef = AA3000522C85000100000001 /* CalcIconView.swift */; };
		AA3000532C85000100000001 /* ZipArchiveExtractor.swift in Sources */ = {isa = PBXBuildFile; fileRef = AA3000542C85000100000001 /* ZipArchiveExtractor.swift */; };
/* End PBXBuildFile section */

/* Begin PBXFileReference section */
		AA1000002C85000100000001 /* LiquidCalc.app */ = {isa = PBXFileReference; explicitFileType = wrapper.application; includeInIndex = 0; path = LiquidCalc.app; sourceTree = BUILT_PRODUCTS_DIR; };
		AA1000022C85000100000001 /* LiquidCalcApp.swift */ = {isa = PBXFileReference; lastKnownFileType = sourcecode.swift; path = LiquidCalcApp.swift; sourceTree = "<group>"; };
		AA1000042C85000100000001 /* MainCalculatorView.swift */ = {isa = PBXFileReference; lastKnownFileType = sourcecode.swift; path = MainCalculatorView.swift; sourceTree = "<group>"; };
		AA1000062C85000100000001 /* LiquidGlassBackground.swift */ = {isa = PBXFileReference; lastKnownFileType = sourcecode.swift; path = "Components/LiquidGlassBackground.swift"; sourceTree = "<group>"; };
		AA1000082C85000100000001 /* ModeSwitcherView.swift */ = {isa = PBXFileReference; lastKnownFileType = sourcecode.swift; path = "Components/ModeSwitcherView.swift"; sourceTree = "<group>"; };
		AA10000A2C85000100000001 /* LiquidDisplayView.swift */ = {isa = PBXFileReference; lastKnownFileType = sourcecode.swift; path = "Display/LiquidDisplayView.swift"; sourceTree = "<group>"; };
		AA10000C2C85000100000001 /* KeypadButtonView.swift */ = {isa = PBXFileReference; lastKnownFileType = sourcecode.swift; path = "Keypads/KeypadButtonView.swift"; sourceTree = "<group>"; };
		AA10000E2C85000100000001 /* StandardKeypadView.swift */ = {isa = PBXFileReference; lastKnownFileType = sourcecode.swift; path = "Keypads/StandardKeypadView.swift"; sourceTree = "<group>"; };
		AA1000102C85000100000001 /* ScientificKeypadView.swift */ = {isa = PBXFileReference; lastKnownFileType = sourcecode.swift; path = "Keypads/ScientificKeypadView.swift"; sourceTree = "<group>"; };
		AA1000122C85000100000001 /* ProgrammerKeypadView.swift */ = {isa = PBXFileReference; lastKnownFileType = sourcecode.swift; path = "Keypads/ProgrammerKeypadView.swift"; sourceTree = "<group>"; };
		AA1000142C85000100000001 /* BitVisualizerView.swift */ = {isa = PBXFileReference; lastKnownFileType = sourcecode.swift; path = "Keypads/BitVisualizerView.swift"; sourceTree = "<group>"; };
		AA1000162C85000100000001 /* UnitConverterView.swift */ = {isa = PBXFileReference; lastKnownFileType = sourcecode.swift; path = "Converter/UnitConverterView.swift"; sourceTree = "<group>"; };
		AA1000182C85000100000001 /* HistorySheetView.swift */ = {isa = PBXFileReference; lastKnownFileType = sourcecode.swift; path = "History/HistorySheetView.swift"; sourceTree = "<group>"; };
		AA10001A2C85000100000001 /* CalculatorViewModel.swift */ = {isa = PBXFileReference; lastKnownFileType = sourcecode.swift; path = CalculatorViewModel.swift; sourceTree = "<group>"; };
		AA10001C2C85000100000001 /* ProgrammerViewModel.swift */ = {isa = PBXFileReference; lastKnownFileType = sourcecode.swift; path = ProgrammerViewModel.swift; sourceTree = "<group>"; };
		AA10001E2C85000100000001 /* ConverterViewModel.swift */ = {isa = PBXFileReference; lastKnownFileType = sourcecode.swift; path = ConverterViewModel.swift; sourceTree = "<group>"; };
		AA1000202C85000100000001 /* CalculatorMode.swift */ = {isa = PBXFileReference; lastKnownFileType = sourcecode.swift; path = CalculatorMode.swift; sourceTree = "<group>"; };
		AA1000222C85000100000001 /* KeypadButton.swift */ = {isa = PBXFileReference; lastKnownFileType = sourcecode.swift; path = KeypadButton.swift; sourceTree = "<group>"; };
		AA1000242C85000100000001 /* MathToken.swift */ = {isa = PBXFileReference; lastKnownFileType = sourcecode.swift; path = "MathEngine/MathToken.swift"; sourceTree = "<group>"; };
		AA1000262C85000100000001 /* MathLexer.swift */ = {isa = PBXFileReference; lastKnownFileType = sourcecode.swift; path = "MathEngine/MathLexer.swift"; sourceTree = "<group>"; };
		AA1000282C85000100000001 /* MathParser.swift */ = {isa = PBXFileReference; lastKnownFileType = sourcecode.swift; path = "MathEngine/MathParser.swift"; sourceTree = "<group>"; };
		AA10002A2C85000100000001 /* MathEvaluator.swift */ = {isa = PBXFileReference; lastKnownFileType = sourcecode.swift; path = "MathEngine/MathEvaluator.swift"; sourceTree = "<group>"; };
		AA10002C2C85000100000001 /* MathError.swift */ = {isa = PBXFileReference; lastKnownFileType = sourcecode.swift; path = "MathEngine/MathError.swift"; sourceTree = "<group>"; };
		AA10002E2C85000100000001 /* WordSize.swift */ = {isa = PBXFileReference; lastKnownFileType = sourcecode.swift; path = "ProgrammerEngine/WordSize.swift"; sourceTree = "<group>"; };
		AA1000302C85000100000001 /* BitwiseOperator.swift */ = {isa = PBXFileReference; lastKnownFileType = sourcecode.swift; path = "ProgrammerEngine/BitwiseOperator.swift"; sourceTree = "<group>"; };
		AA1000322C85000100000001 /* ProgrammerEngine.swift */ = {isa = PBXFileReference; lastKnownFileType = sourcecode.swift; path = "ProgrammerEngine/ProgrammerEngine.swift"; sourceTree = "<group>"; };
		AA1000342C85000100000001 /* UnitCategory.swift */ = {isa = PBXFileReference; lastKnownFileType = sourcecode.swift; path = "UnitConverter/UnitCategory.swift"; sourceTree = "<group>"; };
		AA1000362C85000100000001 /* UnitConverterEngine.swift */ = {isa = PBXFileReference; lastKnownFileType = sourcecode.swift; path = "UnitConverter/UnitConverterEngine.swift"; sourceTree = "<group>"; };
		AA1000382C85000100000001 /* HistoryItem.swift */ = {isa = PBXFileReference; lastKnownFileType = sourcecode.swift; path = "History/HistoryItem.swift"; sourceTree = "<group>"; };
		AA10003A2C85000100000001 /* HistoryManager.swift */ = {isa = PBXFileReference; lastKnownFileType = sourcecode.swift; path = "History/HistoryManager.swift"; sourceTree = "<group>"; };
		AA10003C2C85000100000001 /* Assets.xcassets */ = {isa = PBXFileReference; lastKnownFileType = folder.assetcatalog; path = Assets.xcassets; sourceTree = "<group>"; };
		AA10003D2C85000100000001 /* Info.plist */ = {isa = PBXFileReference; lastKnownFileType = text.plist.xml; path = Info.plist; sourceTree = "<group>"; };
		AA1000402C85000100000001 /* SoundAndHapticManager.swift */ = {isa = PBXFileReference; lastKnownFileType = sourcecode.swift; path = "Feedback/SoundAndHapticManager.swift"; sourceTree = "<group>"; };
		AA1000422C85000100000001 /* VisionMathScanner.swift */ = {isa = PBXFileReference; lastKnownFileType = sourcecode.swift; path = "Vision/VisionMathScanner.swift"; sourceTree = "<group>"; };
		AA1000442C85000100000001 /* CameraCaptureService.swift */ = {isa = PBXFileReference; lastKnownFileType = sourcecode.swift; path = "Vision/CameraCaptureService.swift"; sourceTree = "<group>"; };
		AA1000462C85000100000001 /* VisionViewModel.swift */ = {isa = PBXFileReference; lastKnownFileType = sourcecode.swift; path = VisionViewModel.swift; sourceTree = "<group>"; };
		AA1000482C85000100000001 /* CameraPreviewView.swift */ = {isa = PBXFileReference; lastKnownFileType = sourcecode.swift; path = "Vision/CameraPreviewView.swift"; sourceTree = "<group>"; };
		AA10004A2C85000100000001 /* SmartVisionView.swift */ = {isa = PBXFileReference; lastKnownFileType = sourcecode.swift; path = "Vision/SmartVisionView.swift"; sourceTree = "<group>"; };
		AA10004C2C85000100000001 /* ReceiptSplitterView.swift */ = {isa = PBXFileReference; lastKnownFileType = sourcecode.swift; path = "Vision/ReceiptSplitterView.swift"; sourceTree = "<group>"; };
		AA10004E2C85000100000001 /* SettingsSheetView.swift */ = {isa = PBXFileReference; lastKnownFileType = sourcecode.swift; path = "Components/SettingsSheetView.swift"; sourceTree = "<group>"; };
		AA2000002C85000100000001 /* LiquidCalcTests.xctest */ = {isa = PBXFileReference; explicitFileType = wrapper.cfbundle; includeInIndex = 0; path = LiquidCalcTests.xctest; sourceTree = BUILT_PRODUCTS_DIR; };
		AA2000022C85000100000001 /* MathEngineTests.swift */ = {isa = PBXFileReference; lastKnownFileType = sourcecode.swift; path = MathEngineTests.swift; sourceTree = "<group>"; };
		AA2000042C85000100000001 /* ProgrammerEngineTests.swift */ = {isa = PBXFileReference; lastKnownFileType = sourcecode.swift; path = ProgrammerEngineTests.swift; sourceTree = "<group>"; };
		AA2000062C85000100000001 /* UnitConverterTests.swift */ = {isa = PBXFileReference; lastKnownFileType = sourcecode.swift; path = UnitConverterTests.swift; sourceTree = "<group>"; };
		AA2000082C85000100000001 /* VisionMathScannerTests.swift */ = {isa = PBXFileReference; lastKnownFileType = sourcecode.swift; path = VisionMathScannerTests.swift; sourceTree = "<group>"; };
		AA1000522C85000100000001 /* LaserSweepLineView.swift */ = {isa = PBXFileReference; lastKnownFileType = sourcecode.swift; path = "Vision/Components/LaserSweepLineView.swift"; sourceTree = "<group>"; };
		AA1000542C85000100000001 /* ReticleOverlayView.swift */ = {isa = PBXFileReference; lastKnownFileType = sourcecode.swift; path = "Vision/Components/ReticleOverlayView.swift"; sourceTree = "<group>"; };
		AA1000562C85000100000001 /* SolvedResultCardView.swift */ = {isa = PBXFileReference; lastKnownFileType = sourcecode.swift; path = "Vision/Components/SolvedResultCardView.swift"; sourceTree = "<group>"; };
		AA20000A2C85000100000001 /* SoundAndHapticManagerTests.swift */ = {isa = PBXFileReference; lastKnownFileType = sourcecode.swift; path = SoundAndHapticManagerTests.swift; sourceTree = "<group>"; };
		AA20000C2C85000100000001 /* LiquidCalcE2ETests.swift */ = {isa = PBXFileReference; lastKnownFileType = sourcecode.swift; path = LiquidCalcE2ETests.swift; sourceTree = "<group>"; };
		AA1000622C85000100000001 /* AppUpdateManager.swift */ = {isa = PBXFileReference; lastKnownFileType = sourcecode.swift; path = "Update/AppUpdateManager.swift"; sourceTree = "<group>"; };
		AA1000642C85000100000001 /* GitHubRelease.swift */ = {isa = PBXFileReference; lastKnownFileType = sourcecode.swift; path = GitHubRelease.swift; sourceTree = "<group>"; };
		AA1000662C85000100000001 /* SupportedCurrency.swift */ = {isa = PBXFileReference; lastKnownFileType = sourcecode.swift; path = SupportedCurrency.swift; sourceTree = "<group>"; };
		AA1000682C85000100000001 /* UpdateAvailableView.swift */ = {isa = PBXFileReference; lastKnownFileType = sourcecode.swift; path = "Components/UpdateAvailableView.swift"; sourceTree = "<group>"; };
		AA10006A2C85000100000001 /* SonarWaveRingsView.swift */ = {isa = PBXFileReference; lastKnownFileType = sourcecode.swift; path = "Vision/Components/SonarWaveRingsView.swift"; sourceTree = "<group>"; };
		AA20000E2C85000100000001 /* AppUpdateManagerTests.swift */ = {isa = PBXFileReference; lastKnownFileType = sourcecode.swift; path = AppUpdateManagerTests.swift; sourceTree = "<group>"; };
		AA10006C2C85000100000001 /* SemanticVersion.swift */ = {isa = PBXFileReference; lastKnownFileType = sourcecode.swift; path = "Update/SemanticVersion.swift"; sourceTree = "<group>"; };
		AA1000722C85000100000001 /* AlgebraicSolver.swift */ = {isa = PBXFileReference; lastKnownFileType = sourcecode.swift; path = "AdvancedMath/AlgebraicSolver.swift"; sourceTree = "<group>"; };
		AA1000742C85000100000001 /* CalculusEngine.swift */ = {isa = PBXFileReference; lastKnownFileType = sourcecode.swift; path = "AdvancedMath/CalculusEngine.swift"; sourceTree = "<group>"; };
		AA1000762C85000100000001 /* MatrixEngine.swift */ = {isa = PBXFileReference; lastKnownFileType = sourcecode.swift; path = "AdvancedMath/MatrixEngine.swift"; sourceTree = "<group>"; };
		AA1000782C85000100000001 /* ComplexNumber.swift */ = {isa = PBXFileReference; lastKnownFileType = sourcecode.swift; path = "AdvancedMath/ComplexNumber.swift"; sourceTree = "<group>"; };
		AA10007A2C85000100000001 /* StatisticsEngine.swift */ = {isa = PBXFileReference; lastKnownFileType = sourcecode.swift; path = "AdvancedMath/StatisticsEngine.swift"; sourceTree = "<group>"; };
		AA10007C2C85000100000001 /* NumberTheoryEngine.swift */ = {isa = PBXFileReference; lastKnownFileType = sourcecode.swift; path = "AdvancedMath/NumberTheoryEngine.swift"; sourceTree = "<group>"; };
		AA10007E2C85000100000001 /* FunctionGrapherView.swift */ = {isa = PBXFileReference; lastKnownFileType = sourcecode.swift; path = "AdvancedMath/FunctionGrapherView.swift"; sourceTree = "<group>"; };
		AA1000802C85000100000001 /* AdvancedMathView.swift */ = {isa = PBXFileReference; lastKnownFileType = sourcecode.swift; path = "AdvancedMath/AdvancedMathView.swift"; sourceTree = "<group>"; };
		AA2000102C85000100000001 /* AdvancedMathTests.swift */ = {isa = PBXFileReference; lastKnownFileType = sourcecode.swift; path = AdvancedMathTests.swift; sourceTree = "<group>"; };
		AA1000822C85000100000001 /* DrawingStroke.swift */ = {isa = PBXFileReference; lastKnownFileType = sourcecode.swift; path = DrawingStroke.swift; sourceTree = "<group>"; };
		AA1000842C85000100000001 /* HandwritingMathRecognizer.swift */ = {isa = PBXFileReference; lastKnownFileType = sourcecode.swift; path = "Vision/HandwritingMathRecognizer.swift"; sourceTree = "<group>"; };
		AA1000862C85000100000001 /* DrawCalcViewModel.swift */ = {isa = PBXFileReference; lastKnownFileType = sourcecode.swift; path = DrawCalcViewModel.swift; sourceTree = "<group>"; };
		AA1000882C85000100000001 /* MathDrawCanvasView.swift */ = {isa = PBXFileReference; lastKnownFileType = sourcecode.swift; path = "DrawCalc/MathDrawCanvasView.swift"; sourceTree = "<group>"; };
		AA2000122C85000100000001 /* HandwritingMathRecognizerTests.swift */ = {isa = PBXFileReference; lastKnownFileType = sourcecode.swift; path = HandwritingMathRecognizerTests.swift; sourceTree = "<group>"; };
		AA10008A2C85000100000001 /* HotUpdateManager.swift */ = {isa = PBXFileReference; lastKnownFileType = sourcecode.swift; path = "Update/HotUpdateManager.swift"; sourceTree = "<group>"; };
		AA1000922C85000100000001 /* GeminiService.swift */ = {isa = PBXFileReference; lastKnownFileType = sourcecode.swift; path = "AI/GeminiService.swift"; sourceTree = "<group>"; };
		AA1000942C85000100000001 /* GeminiAIView.swift */ = {isa = PBXFileReference; lastKnownFileType = sourcecode.swift; path = "AI/GeminiAIView.swift"; sourceTree = "<group>"; };
		AA1000962C85000100000001 /* ChatMessageBubble.swift */ = {isa = PBXFileReference; lastKnownFileType = sourcecode.swift; path = "AI/ChatMessageBubble.swift"; sourceTree = "<group>"; };
		AA1000982C85000100000001 /* MermaidDiagramView.swift */ = {isa = PBXFileReference; lastKnownFileType = sourcecode.swift; path = "AI/MermaidDiagramView.swift"; sourceTree = "<group>"; };
		AA3000022C85000100000001 /* SignerModels.swift */ = {isa = PBXFileReference; lastKnownFileType = sourcecode.swift; path = "Signer/SignerModels.swift"; sourceTree = "<group>"; };
		AA3000042C85000100000001 /* CertificateManager.swift */ = {isa = PBXFileReference; lastKnownFileType = sourcecode.swift; path = "Signer/CertificateManager.swift"; sourceTree = "<group>"; };
		AA3000062C85000100000001 /* LiquidSignEngine.swift */ = {isa = PBXFileReference; lastKnownFileType = sourcecode.swift; path = "Signer/LiquidSignEngine.swift"; sourceTree = "<group>"; };
		AA3000082C85000100000001 /* LocalInstallServer.swift */ = {isa = PBXFileReference; lastKnownFileType = sourcecode.swift; path = "Signer/LocalInstallServer.swift"; sourceTree = "<group>"; };
		AA30000A2C85000100000001 /* LiquidSignerViewModel.swift */ = {isa = PBXFileReference; lastKnownFileType = sourcecode.swift; path = LiquidSignerViewModel.swift; sourceTree = "<group>"; };
		AA30000C2C85000100000001 /* IPADetailSignSheet.swift */ = {isa = PBXFileReference; lastKnownFileType = sourcecode.swift; path = "Signer/IPADetailSignSheet.swift"; sourceTree = "<group>"; };
		AA30000E2C85000100000001 /* SigningProgressOverlay.swift */ = {isa = PBXFileReference; lastKnownFileType = sourcecode.swift; path = "Signer/SigningProgressOverlay.swift"; sourceTree = "<group>"; };
		AA3000102C85000100000001 /* LiquidSignerView.swift */ = {isa = PBXFileReference; lastKnownFileType = sourcecode.swift; path = "Signer/LiquidSignerView.swift"; sourceTree = "<group>"; };
		AA3000222C85000100000001 /* LiquidSignerTests.swift */ = {isa = PBXFileReference; lastKnownFileType = sourcecode.swift; path = LiquidSignerTests.swift; sourceTree = "<group>"; };
		AA3000242C85000100000001 /* VaultUnlockAnimationView.swift */ = {isa = PBXFileReference; lastKnownFileType = sourcecode.swift; path = "Signer/VaultUnlockAnimationView.swift"; sourceTree = "<group>"; };
		AA3000262C85000100000001 /* UpdateNotificationBannerView.swift */ = {isa = PBXFileReference; lastKnownFileType = sourcecode.swift; path = "Components/UpdateNotificationBannerView.swift"; sourceTree = "<group>"; };
		AA3000282C85000100000001 /* SignerStudioView.swift */ = {isa = PBXFileReference; lastKnownFileType = sourcecode.swift; path = "Signer/SignerStudioView.swift"; sourceTree = "<group>"; };
		AA3000322C85000100000001 /* TweakCatalogManager.swift */ = {isa = PBXFileReference; lastKnownFileType = sourcecode.swift; path = "Signer/TweakCatalogManager.swift"; sourceTree = "<group>"; };
		AA3000342C85000100000001 /* MachOInspectorView.swift */ = {isa = PBXFileReference; lastKnownFileType = sourcecode.swift; path = "Signer/MachOInspectorView.swift"; sourceTree = "<group>"; };
		AA3000362C85000100000001 /* TweakCatalogSheetView.swift */ = {isa = PBXFileReference; lastKnownFileType = sourcecode.swift; path = "Signer/TweakCatalogSheetView.swift"; sourceTree = "<group>"; };
		AA3000382C85000100000001 /* CertificateStoreView.swift */ = {isa = PBXFileReference; lastKnownFileType = sourcecode.swift; path = "Signer/CertificateStoreView.swift"; sourceTree = "<group>"; };
		AA3000422C85000100000001 /* LiquidMarkdownView.swift */ = {isa = PBXFileReference; lastKnownFileType = sourcecode.swift; path = "Components/LiquidMarkdownView.swift"; sourceTree = "<group>"; };
		AA3000442C85000100000001 /* MarkdownNotebookView.swift */ = {isa = PBXFileReference; lastKnownFileType = sourcecode.swift; path = "Components/MarkdownNotebookView.swift"; sourceTree = "<group>"; };
		AA3000462C85000100000001 /* LiquidAIAgent.swift */ = {isa = PBXFileReference; lastKnownFileType = sourcecode.swift; path = "AI/LiquidAIAgent.swift"; sourceTree = "<group>"; };
		AA3000482C85000100000001 /* LiquidAIAgentView.swift */ = {isa = PBXFileReference; lastKnownFileType = sourcecode.swift; path = "AI/LiquidAIAgentView.swift"; sourceTree = "<group>"; };
		AA30004A2C85000100000001 /* MarkdownAndAgentTests.swift */ = {isa = PBXFileReference; lastKnownFileType = sourcecode.swift; path = MarkdownAndAgentTests.swift; sourceTree = "<group>"; };
		AA3000522C85000100000001 /* CalcIconView.swift */ = {isa = PBXFileReference; lastKnownFileType = sourcecode.swift; path = "Keypads/CalcIconView.swift"; sourceTree = "<group>"; };
		AA3000542C85000100000001 /* ZipArchiveExtractor.swift */ = {isa = PBXFileReference; lastKnownFileType = sourcecode.swift; path = "Signer/ZipArchiveExtractor.swift"; sourceTree = "<group>"; };
/* End PBXFileReference section */

/* Begin PBXFrameworksBuildPhase section */
		AA10000E2C85000100000000 /* Frameworks */ = {
			isa = PBXFrameworksBuildPhase;
			buildActionMask = 2147483647;
			files = (
			);
			runOnlyForDeploymentPostprocessing = 0;
		};
		AA20000E2C85000100000000 /* Frameworks */ = {
			isa = PBXFrameworksBuildPhase;
			buildActionMask = 2147483647;
			files = (
			);
			runOnlyForDeploymentPostprocessing = 0;
		};
/* End PBXFrameworksBuildPhase section */

/* Begin PBXGroup section */
		AA0000002C85000100000000 = {
			isa = PBXGroup;
			children = (
				AA1000002C85000000000001 /* LiquidCalc */,
				AA2000002C85000000000001 /* LiquidCalcTests */,
				AA3000002C85000000000001 /* Products */,
			);
			sourceTree = "<group>";
		};
		AA1000002C85000000000001 /* LiquidCalc */ = {
			isa = PBXGroup;
			children = (
				AA1000102C85000000000001 /* App */,
				AA1000202C85000000000001 /* Models */,
				AA1000302C85000000000001 /* Core */,
				AA1000402C85000000000001 /* ViewModels */,
				AA1000502C85000000000001 /* Views */,
				AA1000602C85000000000001 /* Resources */,
			);
			path = LiquidCalc;
			sourceTree = "<group>";
		};
		AA1000102C85000000000001 /* App */ = {
			isa = PBXGroup;
			children = (
				AA1000022C85000100000001 /* LiquidCalcApp.swift */,
			);
			path = App;
			sourceTree = "<group>";
		};
		AA1000202C85000000000001 /* Models */ = {
			isa = PBXGroup;
			children = (
				AA1000202C85000100000001 /* CalculatorMode.swift */,
				AA1000222C85000100000001 /* KeypadButton.swift */,
				AA1000642C85000100000001 /* GitHubRelease.swift */,
				AA1000822C85000100000001 /* DrawingStroke.swift */,
				AA1000662C85000100000001 /* SupportedCurrency.swift */,
			);
			path = Models;
			sourceTree = "<group>";
		};
		AA1000302C85000000000001 /* Core */ = {
			isa = PBXGroup;
			children = (
				AA1000242C85000100000001 /* MathToken.swift */,
				AA1000262C85000100000001 /* MathLexer.swift */,
				AA1000282C85000100000001 /* MathParser.swift */,
				AA10002A2C85000100000001 /* MathEvaluator.swift */,
				AA10002C2C85000100000001 /* MathError.swift */,
				AA10002E2C85000100000001 /* WordSize.swift */,
				AA1000302C85000100000001 /* BitwiseOperator.swift */,
				AA1000322C85000100000001 /* ProgrammerEngine.swift */,
				AA1000342C85000100000001 /* UnitCategory.swift */,
				AA1000362C85000100000001 /* UnitConverterEngine.swift */,
				AA1000382C85000100000001 /* HistoryItem.swift */,
				AA10003A2C85000100000001 /* HistoryManager.swift */,
				AA1000402C85000100000001 /* SoundAndHapticManager.swift */,
				AA1000422C85000100000001 /* VisionMathScanner.swift */,
				AA1000442C85000100000001 /* CameraCaptureService.swift */,
				AA1000842C85000100000001 /* HandwritingMathRecognizer.swift */,
				AA1000622C85000100000001 /* AppUpdateManager.swift */,
				AA10008A2C85000100000001 /* HotUpdateManager.swift */,
				AA1000922C85000100000001 /* GeminiService.swift */,
				AA1000722C85000100000001 /* AlgebraicSolver.swift */,
				AA1000742C85000100000001 /* CalculusEngine.swift */,
				AA1000762C85000100000001 /* MatrixEngine.swift */,
				AA1000782C85000100000001 /* ComplexNumber.swift */,
				AA10007A2C85000100000001 /* StatisticsEngine.swift */,
				AA10007C2C85000100000001 /* NumberTheoryEngine.swift */,
				AA10006C2C85000100000001 /* SemanticVersion.swift */,
				AA3000022C85000100000001 /* SignerModels.swift */,
				AA3000042C85000100000001 /* CertificateManager.swift */,
				AA3000062C85000100000001 /* LiquidSignEngine.swift */,
				AA3000082C85000100000001 /* LocalInstallServer.swift */,
				AA3000322C85000100000001 /* TweakCatalogManager.swift */,
				AA3000462C85000100000001 /* LiquidAIAgent.swift */,
				AA3000542C85000100000001 /* ZipArchiveExtractor.swift */,
			);
			path = Core;
			sourceTree = "<group>";
		};
		AA1000402C85000000000001 /* ViewModels */ = {
			isa = PBXGroup;
			children = (
				AA10001A2C85000100000001 /* CalculatorViewModel.swift */,
				AA10001C2C85000100000001 /* ProgrammerViewModel.swift */,
				AA10001E2C85000100000001 /* ConverterViewModel.swift */,
				AA1000462C85000100000001 /* VisionViewModel.swift */,
				AA1000862C85000100000001 /* DrawCalcViewModel.swift */,
				AA30000A2C85000100000001 /* LiquidSignerViewModel.swift */,
			);
			path = ViewModels;
			sourceTree = "<group>";
		};
		AA1000502C85000000000001 /* Views */ = {
			isa = PBXGroup;
			children = (
				AA1000042C85000100000001 /* MainCalculatorView.swift */,
				AA1000062C85000100000001 /* LiquidGlassBackground.swift */,
				AA1000082C85000100000001 /* ModeSwitcherView.swift */,
				AA10000A2C85000100000001 /* LiquidDisplayView.swift */,
				AA10000C2C85000100000001 /* KeypadButtonView.swift */,
				AA10000E2C85000100000001 /* StandardKeypadView.swift */,
				AA1000102C85000100000001 /* ScientificKeypadView.swift */,
				AA1000122C85000100000001 /* ProgrammerKeypadView.swift */,
				AA1000142C85000100000001 /* BitVisualizerView.swift */,
				AA1000162C85000100000001 /* UnitConverterView.swift */,
				AA1000182C85000100000001 /* HistorySheetView.swift */,
				AA1000482C85000100000001 /* CameraPreviewView.swift */,
				AA10004A2C85000100000001 /* SmartVisionView.swift */,
				AA10004C2C85000100000001 /* ReceiptSplitterView.swift */,
				AA10004E2C85000100000001 /* SettingsSheetView.swift */,
				AA1000522C85000100000001 /* LaserSweepLineView.swift */,
				AA1000542C85000100000001 /* ReticleOverlayView.swift */,
				AA1000562C85000100000001 /* SolvedResultCardView.swift */,
				AA1000682C85000100000001 /* UpdateAvailableView.swift */,
				AA10007E2C85000100000001 /* FunctionGrapherView.swift */,
				AA1000802C85000100000001 /* AdvancedMathView.swift */,
				AA1000882C85000100000001 /* MathDrawCanvasView.swift */,
				AA1000942C85000100000001 /* GeminiAIView.swift */,
				AA1000962C85000100000001 /* ChatMessageBubble.swift */,
				AA1000982C85000100000001 /* MermaidDiagramView.swift */,
				AA10006A2C85000100000001 /* SonarWaveRingsView.swift */,
				AA30000C2C85000100000001 /* IPADetailSignSheet.swift */,
				AA30000E2C85000100000001 /* SigningProgressOverlay.swift */,
				AA3000102C85000100000001 /* LiquidSignerView.swift */,
				AA3000242C85000100000001 /* VaultUnlockAnimationView.swift */,
				AA3000262C85000100000001 /* UpdateNotificationBannerView.swift */,
				AA3000282C85000100000001 /* SignerStudioView.swift */,
				AA3000342C85000100000001 /* MachOInspectorView.swift */,
				AA3000362C85000100000001 /* TweakCatalogSheetView.swift */,
				AA3000382C85000100000001 /* CertificateStoreView.swift */,
				AA3000422C85000100000001 /* LiquidMarkdownView.swift */,
				AA3000442C85000100000001 /* MarkdownNotebookView.swift */,
				AA3000482C85000100000001 /* LiquidAIAgentView.swift */,
				AA3000522C85000100000001 /* CalcIconView.swift */,
			);
			path = Views;
			sourceTree = "<group>";
		};
		AA1000602C85000000000001 /* Resources */ = {
			isa = PBXGroup;
			children = (
				AA10003C2C85000100000001 /* Assets.xcassets */,
				AA10003D2C85000100000001 /* Info.plist */,
			);
			path = Resources;
			sourceTree = "<group>";
		};
		AA2000002C85000000000001 /* LiquidCalcTests */ = {
			isa = PBXGroup;
			children = (
				AA2000022C85000100000001 /* MathEngineTests.swift */,
				AA2000042C85000100000001 /* ProgrammerEngineTests.swift */,
				AA2000062C85000100000001 /* UnitConverterTests.swift */,
				AA2000082C85000100000001 /* VisionMathScannerTests.swift */,
				AA20000A2C85000100000001 /* SoundAndHapticManagerTests.swift */,
				AA20000C2C85000100000001 /* LiquidCalcE2ETests.swift */,
				AA20000E2C85000100000001 /* AppUpdateManagerTests.swift */,
				AA2000102C85000100000001 /* AdvancedMathTests.swift */,
				AA2000122C85000100000001 /* HandwritingMathRecognizerTests.swift */,
				AA3000222C85000100000001 /* LiquidSignerTests.swift */,
				AA30004A2C85000100000001 /* MarkdownAndAgentTests.swift */,
			);
			path = LiquidCalcTests;
			sourceTree = "<group>";
		};
		AA3000002C85000000000001 /* Products */ = {
			isa = PBXGroup;
			children = (
				AA1000002C85000100000001 /* LiquidCalc.app */,
				AA2000002C85000100000001 /* LiquidCalcTests.xctest */,
			);
			name = Products;
			sourceTree = "<group>";
		};
/* End PBXGroup section */

/* Begin PBXNativeTarget section */
		AA1000002C85000100000002 /* LiquidCalc */ = {
			isa = PBXNativeTarget;
			buildConfigurationList = AA1000002C85000100000003 /* Build configuration list for PBXNativeTarget "LiquidCalc" */;
			buildPhases = (
				AA10000F2C85000100000000 /* Sources */,
				AA10000E2C85000100000000 /* Frameworks */,
				AA10000D2C85000100000000 /* Resources */,
			);
			buildRules = (
			);
			dependencies = (
			);
			name = LiquidCalc;
			productName = LiquidCalc;
			productReference = AA1000002C85000100000001 /* LiquidCalc.app */;
			productType = "com.apple.product-type.application";
		};
		AA2000002C85000100000002 /* LiquidCalcTests */ = {
			isa = PBXNativeTarget;
			buildConfigurationList = AA2000002C85000100000003 /* Build configuration list for PBXNativeTarget "LiquidCalcTests" */;
			buildPhases = (
				AA20000F2C85000100000000 /* Sources */,
				AA20000E2C85000100000000 /* Frameworks */,
			);
			buildRules = (
			);
			dependencies = (
				AA2000002C85000100000004 /* PBXTargetDependency */,
			);
			name = LiquidCalcTests;
			productName = LiquidCalcTests;
			productReference = AA2000002C85000100000001 /* LiquidCalcTests.xctest */;
			productType = "com.apple.product-type.bundle.unit-test";
		};
/* End PBXNativeTarget section */

/* Begin PBXProject section */
		AA0000002C85000100000001 /* Project object */ = {
			isa = PBXProject;
			attributes = {
				BuildIndependentTargetsInParallel = 1;
				LastSwiftUpdateCheck = 1600;
				LastUpgradeCheck = 1600;
				TargetAttributes = {
					AA1000002C85000100000002 = {
						CreatedOnToolsVersion = 16.0;
					};
					AA2000002C85000100000002 = {
						CreatedOnToolsVersion = 16.0;
						TestTargetID = AA1000002C85000100000002;
					};
				};
			};
			buildConfigurationList = AA0000002C85000100000002 /* Build configuration list for PBXProject "LiquidCalc" */;
			compatibilityVersion = "Xcode 14.0";
			developmentRegion = en;
			hasScannedForEncodings = 0;
			knownRegions = (
				en,
				Base,
			);
			mainGroup = AA0000002C85000100000000;
			productRefGroup = AA3000002C85000000000001 /* Products */;
			projectDirPath = "";
			projectRoot = "";
			targets = (
				AA1000002C85000100000002 /* LiquidCalc */,
				AA2000002C85000100000002 /* LiquidCalcTests */,
			);
		};
/* End PBXProject section */

/* Begin PBXResourcesBuildPhase section */
		AA10000D2C85000100000000 /* Resources */ = {
			isa = PBXResourcesBuildPhase;
			buildActionMask = 2147483647;
			files = (
				AA10003B2C85000100000001 /* Assets.xcassets in Resources */,
			);
			runOnlyForDeploymentPostprocessing = 0;
		};
/* End PBXResourcesBuildPhase section */

/* Begin PBXSourcesBuildPhase section */
		AA10000F2C85000100000000 /* Sources */ = {
			isa = PBXSourcesBuildPhase;
			buildActionMask = 2147483647;
			files = (
				AA1000012C85000100000001 /* LiquidCalcApp.swift in Sources */,
				AA1000032C85000100000001 /* MainCalculatorView.swift in Sources */,
				AA1000052C85000100000001 /* LiquidGlassBackground.swift in Sources */,
				AA1000072C85000100000001 /* ModeSwitcherView.swift in Sources */,
				AA1000092C85000100000001 /* LiquidDisplayView.swift in Sources */,
				AA10000B2C85000100000001 /* KeypadButtonView.swift in Sources */,
				AA10000D2C85000100000001 /* StandardKeypadView.swift in Sources */,
				AA10000F2C85000100000001 /* ScientificKeypadView.swift in Sources */,
				AA1000112C85000100000001 /* ProgrammerKeypadView.swift in Sources */,
				AA1000132C85000100000001 /* BitVisualizerView.swift in Sources */,
				AA1000152C85000100000001 /* UnitConverterView.swift in Sources */,
				AA1000172C85000100000001 /* HistorySheetView.swift in Sources */,
				AA1000192C85000100000001 /* CalculatorViewModel.swift in Sources */,
				AA10001B2C85000100000001 /* ProgrammerViewModel.swift in Sources */,
				AA10001D2C85000100000001 /* ConverterViewModel.swift in Sources */,
				AA10001F2C85000100000001 /* CalculatorMode.swift in Sources */,
				AA1000212C85000100000001 /* KeypadButton.swift in Sources */,
				AA1000232C85000100000001 /* MathToken.swift in Sources */,
				AA1000252C85000100000001 /* MathLexer.swift in Sources */,
				AA1000272C85000100000001 /* MathParser.swift in Sources */,
				AA1000292C85000100000001 /* MathEvaluator.swift in Sources */,
				AA10002B2C85000100000001 /* MathError.swift in Sources */,
				AA10002D2C85000100000001 /* WordSize.swift in Sources */,
				AA10002F2C85000100000001 /* BitwiseOperator.swift in Sources */,
				AA1000312C85000100000001 /* ProgrammerEngine.swift in Sources */,
				AA1000332C85000100000001 /* UnitCategory.swift in Sources */,
				AA1000352C85000100000001 /* UnitConverterEngine.swift in Sources */,
				AA1000372C85000100000001 /* HistoryItem.swift in Sources */,
				AA1000392C85000100000001 /* HistoryManager.swift in Sources */,
				AA10003F2C85000100000001 /* SoundAndHapticManager.swift in Sources */,
				AA1000412C85000100000001 /* VisionMathScanner.swift in Sources */,
				AA1000432C85000100000001 /* CameraCaptureService.swift in Sources */,
				AA1000452C85000100000001 /* VisionViewModel.swift in Sources */,
				AA1000472C85000100000001 /* CameraPreviewView.swift in Sources */,
				AA1000492C85000100000001 /* SmartVisionView.swift in Sources */,
				AA10004B2C85000100000001 /* ReceiptSplitterView.swift in Sources */,
				AA10004D2C85000100000001 /* SettingsSheetView.swift in Sources */,
				AA1000512C85000100000001 /* LaserSweepLineView.swift in Sources */,
				AA1000532C85000100000001 /* ReticleOverlayView.swift in Sources */,
				AA1000552C85000100000001 /* SolvedResultCardView.swift in Sources */,
				AA1000612C85000100000001 /* AppUpdateManager.swift in Sources */,
				AA10006B2C85000100000001 /* SemanticVersion.swift in Sources */,
				AA1000632C85000100000001 /* GitHubRelease.swift in Sources */,
				AA1000652C85000100000001 /* SupportedCurrency.swift in Sources */,
				AA1000672C85000100000001 /* UpdateAvailableView.swift in Sources */,
				AA1000712C85000100000001 /* AlgebraicSolver.swift in Sources */,
				AA1000732C85000100000001 /* CalculusEngine.swift in Sources */,
				AA1000752C85000100000001 /* MatrixEngine.swift in Sources */,
				AA1000772C85000100000001 /* ComplexNumber.swift in Sources */,
				AA1000792C85000100000001 /* StatisticsEngine.swift in Sources */,
				AA10007B2C85000100000001 /* NumberTheoryEngine.swift in Sources */,
				AA10007D2C85000100000001 /* FunctionGrapherView.swift in Sources */,
				AA10007F2C85000100000001 /* AdvancedMathView.swift in Sources */,
				AA1000812C85000100000001 /* DrawingStroke.swift in Sources */,
				AA1000832C85000100000001 /* HandwritingMathRecognizer.swift in Sources */,
				AA1000852C85000100000001 /* DrawCalcViewModel.swift in Sources */,
				AA1000872C85000100000001 /* MathDrawCanvasView.swift in Sources */,
				AA1000892C85000100000001 /* HotUpdateManager.swift in Sources */,
				AA1000912C85000100000001 /* GeminiService.swift in Sources */,
				AA1000932C85000100000001 /* GeminiAIView.swift in Sources */,
				AA1000952C85000100000001 /* ChatMessageBubble.swift in Sources */,
				AA1000972C85000100000001 /* MermaidDiagramView.swift in Sources */,
				AA1000692C85000100000001 /* SonarWaveRingsView.swift in Sources */,
				AA3000012C85000100000001 /* SignerModels.swift in Sources */,
				AA3000032C85000100000001 /* CertificateManager.swift in Sources */,
				AA3000052C85000100000001 /* LiquidSignEngine.swift in Sources */,
				AA3000072C85000100000001 /* LocalInstallServer.swift in Sources */,
				AA3000092C85000100000001 /* LiquidSignerViewModel.swift in Sources */,
				AA30000B2C85000100000001 /* IPADetailSignSheet.swift in Sources */,
				AA30000D2C85000100000001 /* SigningProgressOverlay.swift in Sources */,
				AA30000F2C85000100000001 /* LiquidSignerView.swift in Sources */,
				AA3000232C85000100000001 /* VaultUnlockAnimationView.swift in Sources */,
				AA3000252C85000100000001 /* UpdateNotificationBannerView.swift in Sources */,
				AA3000272C85000100000001 /* SignerStudioView.swift in Sources */,
				AA3000312C85000100000001 /* TweakCatalogManager.swift in Sources */,
				AA3000332C85000100000001 /* MachOInspectorView.swift in Sources */,
				AA3000352C85000100000001 /* TweakCatalogSheetView.swift in Sources */,
				AA3000372C85000100000001 /* CertificateStoreView.swift in Sources */,
				AA3000412C85000100000001 /* LiquidMarkdownView.swift in Sources */,
				AA3000432C85000100000001 /* MarkdownNotebookView.swift in Sources */,
				AA3000452C85000100000001 /* LiquidAIAgent.swift in Sources */,
				AA3000472C85000100000001 /* LiquidAIAgentView.swift in Sources */,
				AA3000512C85000100000001 /* CalcIconView.swift in Sources */,
				AA3000532C85000100000001 /* ZipArchiveExtractor.swift in Sources */,
			);
			runOnlyForDeploymentPostprocessing = 0;
		};
		AA20000F2C85000100000000 /* Sources */ = {
			isa = PBXSourcesBuildPhase;
			buildActionMask = 2147483647;
			files = (
				AA2000012C85000100000001 /* MathEngineTests.swift in Sources */,
				AA2000032C85000100000001 /* ProgrammerEngineTests.swift in Sources */,
				AA2000052C85000100000001 /* UnitConverterTests.swift in Sources */,
				AA2000072C85000100000001 /* VisionMathScannerTests.swift in Sources */,
				AA2000092C85000100000001 /* SoundAndHapticManagerTests.swift in Sources */,
				AA20000B2C85000100000001 /* LiquidCalcE2ETests.swift in Sources */,
				AA20000D2C85000100000001 /* AppUpdateManagerTests.swift in Sources */,
				AA20000F2C85000100000001 /* AdvancedMathTests.swift in Sources */,
				AA2000112C85000100000001 /* HandwritingMathRecognizerTests.swift in Sources */,
				AA3000212C85000100000001 /* LiquidSignerTests.swift in Sources */,
				AA3000492C85000100000001 /* MarkdownAndAgentTests.swift in Sources */,
			);
			runOnlyForDeploymentPostprocessing = 0;
		};
/* End PBXSourcesBuildPhase section */

/* Begin PBXTargetDependency section */
		AA2000002C85000100000004 /* PBXTargetDependency */ = {
			isa = PBXTargetDependency;
			target = AA1000002C85000100000002 /* LiquidCalc */;
			targetProxy = AA2000002C85000100000007 /* PBXContainerItemProxy */;
		};
		AA2000002C85000100000007 /* PBXContainerItemProxy */ = {
			isa = PBXContainerItemProxy;
			containerPortal = AA0000002C85000100000001 /* Project object */;
			proxyType = 1;
			remoteGlobalIDString = AA1000002C85000100000002;
			remoteInfo = LiquidCalc;
		};
/* End PBXTargetDependency section */

/* Begin XCBuildConfiguration section */
		AA0000002C85000100000003 /* Debug */ = {
			isa = XCBuildConfiguration;
			buildSettings = {
				ALWAYS_SEARCH_USER_PATHS = NO;
				CLANG_ANALYZER_NONNULL = YES;
				CLANG_CXX_LANGUAGE_STANDARD = "gnu++20";
				CLANG_ENABLE_MODULES = YES;
				CLANG_ENABLE_OBJC_ARC = YES;
				COPY_PHASE_STRIP = NO;
				DEBUG_INFORMATION_FORMAT = dwarf;
				ENABLE_STRICT_OBJC_MSGSEND = YES;
				ENABLE_TESTABILITY = YES;
				GCC_DYNAMIC_NO_PIC = NO;
				GCC_OPTIMIZATION_LEVEL = 0;
				GCC_PREPROCESSOR_DEFINITIONS = (
					"DEBUG=1",
					"$(inherited)",
				);
				IPHONEOS_DEPLOYMENT_TARGET = 17.0;
				MTL_ENABLE_DEBUG_INFO = INCLUDE_SOURCE;
				ONLY_ACTIVE_ARCH = YES;
				SDKROOT = iphoneos;
				SWIFT_ACTIVE_COMPILATION_CONDITIONS = "DEBUG $(inherited)";
				SWIFT_OPTIMIZATION_LEVEL = "-Onone";
				SWIFT_VERSION = 5.0;
			};
			name = Debug;
		};
		AA0000002C85000100000004 /* Release */ = {
			isa = XCBuildConfiguration;
			buildSettings = {
				ALWAYS_SEARCH_USER_PATHS = NO;
				CLANG_ANALYZER_NONNULL = YES;
				CLANG_CXX_LANGUAGE_STANDARD = "gnu++20";
				CLANG_ENABLE_MODULES = YES;
				CLANG_ENABLE_OBJC_ARC = YES;
				COPY_PHASE_STRIP = NO;
				DEBUG_INFORMATION_FORMAT = "dwarf-with-dsym";
				ENABLE_NS_ASSERTIONS = NO;
				ENABLE_STRICT_OBJC_MSGSEND = YES;
				GCC_OPTIMIZATION_LEVEL = s;
				IPHONEOS_DEPLOYMENT_TARGET = 17.0;
				MTL_ENABLE_DEBUG_INFO = NO;
				SDKROOT = iphoneos;
				SWIFT_COMPILATION_MODE = wholemodule;
				SWIFT_OPTIMIZATION_LEVEL = "-O";
				SWIFT_VERSION = 5.0;
				VALIDATE_PRODUCT = YES;
			};
			name = Release;
		};
		AA1000002C85000100000005 /* Debug */ = {
			isa = XCBuildConfiguration;
			buildSettings = {
				ASSETCATALOG_COMPILER_APPICON_NAME = AppIcon;
				ASSETCATALOG_COMPILER_GLOBAL_ACCENT_COLOR_NAME = AccentColor;
				CODE_SIGN_STYLE = Automatic;
				CURRENT_PROJECT_VERSION = 27;
				ENABLE_PREVIEWS = YES;
				GENERATE_INFOPLIST_FILE = NO;
				INFOPLIST_FILE = LiquidCalc/Resources/Info.plist;
				IPHONEOS_DEPLOYMENT_TARGET = 17.0;
				LD_RUNPATH_SEARCH_PATHS = (
					"$(inherited)",
					"@executable_path/Frameworks",
				);
				MARKETING_VERSION = 2.7.0;
				PRODUCT_BUNDLE_IDENTIFIER = com.liquidcalc.app;
				PRODUCT_NAME = "$(TARGET_NAME)";
				SWIFT_EMIT_LOC_STRINGS = YES;
				TARGETED_DEVICE_FAMILY = "1,2";
			};
			name = Debug;
		};
		AA1000002C85000100000006 /* Release */ = {
			isa = XCBuildConfiguration;
			buildSettings = {
				ASSETCATALOG_COMPILER_APPICON_NAME = AppIcon;
				ASSETCATALOG_COMPILER_GLOBAL_ACCENT_COLOR_NAME = AccentColor;
				CODE_SIGN_STYLE = Automatic;
				CURRENT_PROJECT_VERSION = 27;
				ENABLE_PREVIEWS = YES;
				GENERATE_INFOPLIST_FILE = NO;
				INFOPLIST_FILE = LiquidCalc/Resources/Info.plist;
				IPHONEOS_DEPLOYMENT_TARGET = 17.0;
				LD_RUNPATH_SEARCH_PATHS = (
					"$(inherited)",
					"@executable_path/Frameworks",
				);
				MARKETING_VERSION = 2.7.0;
				PRODUCT_BUNDLE_IDENTIFIER = com.liquidcalc.app;
				PRODUCT_NAME = "$(TARGET_NAME)";
				SWIFT_EMIT_LOC_STRINGS = YES;
				TARGETED_DEVICE_FAMILY = "1,2";
			};
			name = Release;
		};
		AA2000002C85000100000005 /* Debug */ = {
			isa = XCBuildConfiguration;
			buildSettings = {
				BUNDLE_LOADER = "$(TEST_HOST)";
				CODE_SIGN_STYLE = Automatic;
				CURRENT_PROJECT_VERSION = 27;
				GENERATE_INFOPLIST_FILE = YES;
				IPHONEOS_DEPLOYMENT_TARGET = 17.0;
				MARKETING_VERSION = 2.7.0;
				PRODUCT_BUNDLE_IDENTIFIER = com.liquidcalc.LiquidCalcTests;
				PRODUCT_NAME = "$(TARGET_NAME)";
				SWIFT_EMIT_LOC_STRINGS = NO;
				TARGETED_DEVICE_FAMILY = "1,2";
				TEST_HOST = "$(BUILT_PRODUCTS_DIR)/LiquidCalc.app/$(BUNDLE_EXECUTABLE_FOLDER_PATH)/LiquidCalc";
			};
			name = Debug;
		};
		AA2000002C85000100000006 /* Release */ = {
			isa = XCBuildConfiguration;
			buildSettings = {
				BUNDLE_LOADER = "$(TEST_HOST)";
				CODE_SIGN_STYLE = Automatic;
				CURRENT_PROJECT_VERSION = 27;
				GENERATE_INFOPLIST_FILE = YES;
				IPHONEOS_DEPLOYMENT_TARGET = 17.0;
				MARKETING_VERSION = 2.7.0;
				PRODUCT_BUNDLE_IDENTIFIER = com.liquidcalc.LiquidCalcTests;
				PRODUCT_NAME = "$(TARGET_NAME)";
				SWIFT_EMIT_LOC_STRINGS = NO;
				TARGETED_DEVICE_FAMILY = "1,2";
				TEST_HOST = "$(BUILT_PRODUCTS_DIR)/LiquidCalc.app/$(BUNDLE_EXECUTABLE_FOLDER_PATH)/LiquidCalc";
			};
			name = Release;
		};
/* End XCBuildConfiguration section */

/* Begin XCConfigurationList section */
		AA0000002C85000100000002 /* Build configuration list for PBXProject "LiquidCalc" */ = {
			isa = XCConfigurationList;
			buildConfigurations = (
				AA0000002C85000100000003 /* Debug */,
				AA0000002C85000100000004 /* Release */,
			);
			defaultConfigurationIsVisible = 0;
			defaultConfigurationName = Release;
		};
		AA1000002C85000100000003 /* Build configuration list for PBXNativeTarget "LiquidCalc" */ = {
			isa = XCConfigurationList;
			buildConfigurations = (
				AA1000002C85000100000005 /* Debug */,
				AA1000002C85000100000006 /* Release */,
			);
			defaultConfigurationIsVisible = 0;
			defaultConfigurationName = Release;
		};
		AA2000002C85000100000003 /* Build configuration list for PBXNativeTarget "LiquidCalcTests" */ = {
			isa = XCConfigurationList;
			buildConfigurations = (
				AA2000002C85000100000005 /* Debug */,
				AA2000002C85000100000006 /* Release */,
			);
			defaultConfigurationIsVisible = 0;
			defaultConfigurationName = Release;
		};
/* End XCConfigurationList section */

	};
	rootObject = AA0000002C85000100000001 /* Project object */;
}
